PODS:
  - Action (5.0.0):
    - RxCocoa (~> 6.0)
    - RxSwift (~> 6.0)
  - Alamofire (5.6.1)
  - Differentiator (5.0.0)
  - FSCalendar (2.8.4)
  - IQKeyboardManager (6.5.10)
  - KeychainAccess (4.2.2)
  - Kingfisher (7.3.0)
  - R.swift (6.1.0):
    - R.swift.Library (~> 5.3.0)
  - R.swift.Library (5.3.0)
  - ReachabilitySwift (5.0.0)
  - Realm (10.15.1):
    - Realm/Headers (= 10.15.1)
  - Realm/Headers (10.15.1)
  - RealmSwift (10.15.1):
    - Realm (= 10.15.1)
  - RxAlamofire (6.1.1):
    - RxAlamofire/Core (= 6.1.1)
  - RxAlamofire/Core (6.1.1):
    - Alamofire (~> 5.4)
    - RxSwift (~> 6.0)
  - RxCocoa (6.1.0):
    - RxRelay (= 6.1.0)
    - RxSwift (= 6.1.0)
  - RxDataSources (5.0.0):
    - Differentiator (~> 5.0)
    - RxCocoa (~> 6.0)
    - RxSwift (~> 6.0)
  - RxKeyboard (2.0.0):
    - RxCocoa (~> 6.0)
    - RxSwift (~> 6.0)
  - RxReachability (1.2.1):
    - ReachabilitySwift (< 6.0, >= 5.0)
    - RxCocoa (~> 6)
    - RxSwift (~> 6)
  - RxRelay (6.1.0):
    - RxSwift (= 6.1.0)
  - RxSwift (6.1.0)
  - RxSwiftExt (6.0.1):
    - RxSwiftExt/Core (= 6.0.1)
    - RxSwiftExt/RxCocoa (= 6.0.1)
  - RxSwiftExt/Core (6.0.1):
    - RxSwift (~> 6.0)
  - RxSwiftExt/RxCocoa (6.0.1):
    - RxCocoa (~> 6.0)
    - RxSwiftExt/Core
  - SwiftLint (0.47.1)
  - SwipeMenuViewController (4.1.0)

DEPENDENCIES:
  - Action (= 5.0.0)
  - FSCalendar
  - IQKeyboardManager
  - KeychainAccess (= 4.2.2)
  - Kingfisher (~> 7.0)
  - R.swift
  - RealmSwift (= 10.15.1)
  - RxAlamofire (= 6.1.1)
  - RxCocoa (= 6.1.0)
  - RxDataSources (= 5.0.0)
  - RxKeyboard
  - RxReachability (= 1.2.1)
  - RxSwift (= 6.1.0)
  - RxSwiftExt (= 6.0.1)
  - SwiftLint
  - SwipeMenuViewController

SPEC REPOS:
  trunk:
    - Action
    - Alamofire
    - Differentiator
    - FSCalendar
    - IQKeyboardManager
    - KeychainAccess
    - Kingfisher
    - R.swift
    - R.swift.Library
    - ReachabilitySwift
    - Realm
    - RealmSwift
    - RxAlamofire
    - RxCocoa
    - RxDataSources
    - RxKeyboard
    - RxReachability
    - RxRelay
    - RxSwift
    - RxSwiftExt
    - SwiftLint
    - SwipeMenuViewController

SPEC CHECKSUMS:
  Action: 47f1825511907b4fcd79dd7a7db9526c20f78018
  Alamofire: 87bd8c952f9a4454320fce00d9cc3de57bcadaf5
  Differentiator: e8497ceab83c1b10ca233716d547b9af21b9344d
  FSCalendar: 2d1d0d9398f12d439f55c1fe0f01525b151b8260
  IQKeyboardManager: 45a1fa55c1a5b02c61ac0fd7fd5b62bb4ad20d97
  KeychainAccess: c0c4f7f38f6fc7bbe58f5702e25f7bd2f65abf51
  Kingfisher: cdb1189a9223b1bc028816bd47c8b8101a58831c
  R.swift: ec98ff71c4ab2f6fd01dd077e5afd15e63a4834c
  R.swift.Library: 0fc583cb55a99e28901299cc451614cad1161962
  ReachabilitySwift: 985039c6f7b23a1da463388634119492ff86c825
  Realm: fbcbde2620d51623cc5b18e28f5b165c39abef52
  RealmSwift: e4bea8e42efad3d543aea23b56504069c6faaea2
  RxAlamofire: beb75a1c452d0de225651db4903f5d29d034a620
  RxCocoa: 5c51f02d562cbd94629f6c26cf0c80fe4ab8d343
  RxDataSources: aa47cc1ed6c500fa0dfecac5c979b723542d79cf
  RxKeyboard: 4f5863f43b4ff0cbb2a20b94688d6b80c8a43c14
  RxReachability: bfd13548bf1dac7a877082d13918a9f39bdb5c18
  RxRelay: 483e1a19fad961b41f0b0c0bee506f46c1ae14fe
  RxSwift: a834e5c538e89eca0cae86f403f4fbf0336786ce
  RxSwiftExt: d61c4b9b06e0a448041b1c659e0f1b5c5a035afc
  SwiftLint: f80f1be7fa96d30e0aa68e58d45d4ea1ccaac519
  SwipeMenuViewController: 94fac81cc192d9f08f218fe4c0c853569b735e1f

PODFILE CHECKSUM: 5010bc42bb89f84f9b24bf87022927fb94e33223

COCOAPODS: 1.11.3
